
Microsoft Visual Studio Solution File, Format Version 12.00
# Visual Studio Version 17
VisualStudioVersion = 17.10.35013.160
MinimumVisualStudioVersion = 10.0.40219.1
Project("{FAE04EC0-301F-11D3-BF4B-00C04F79EFBC}") = "AutorizacionKDSB20230903", "AutorizacionKDSB20230903\AutorizacionKDSB20230903.csproj", "{93AF0AD2-3A64-4485-A3F6-CFA92ADE5E6A}"
EndProject
Global
	GlobalSection(SolutionConfigurationPlatforms) = preSolution
		Debug|Any CPU = Debug|Any CPU
		Release|Any CPU = Release|Any CPU
	EndGlobalSection
	GlobalSection(ProjectConfigurationPlatforms) = postSolution
		{93AF0AD2-3A64-4485-A3F6-CFA92ADE5E6A}.Debug|Any CPU.ActiveCfg = Debug|Any CPU
		{93AF0AD2-3A64-4485-A3F6-CFA92ADE5E6A}.Debug|Any CPU.Build.0 = Debug|Any CPU
		{93AF0AD2-3A64-4485-A3F6-CFA92ADE5E6A}.Release|Any CPU.ActiveCfg = Release|Any CPU
		{93AF0AD2-3A64-4485-A3F6-CFA92ADE5E6A}.Release|Any CPU.Build.0 = Release|Any CPU
	EndGlobalSection
	GlobalSection(SolutionProperties) = preSolution
		HideSolutionNode = FALSE
	EndGlobalSection
	GlobalSection(ExtensibilityGlobals) = postSolution
		SolutionGuid = {691DDA76-EC29-4CF9-81AD-16B05649752F}
	EndGlobalSection
EndGlobal
